<Solution>
  <Project Path="Encapsulamento1/Encapsulamento1.csproj" />
  <Project Path="Encapsulamento2/Encapsulamento2.csproj" />
  <Project Path="Encapsulamento3/Encapsulamento3.csproj" />
  <Project Path="Encapsulamento4/Encapsulamento4.csproj" />
  <Project Path="Encapsulamento5/Encapsulamento5.csproj" />
  <Project Path="Encapsulamento6/Encapsulamento6.csproj" />
  <Project Path="Encapsulamento7/Encapsulamento7.csproj" />
</Solution>
