
Microsoft Visual Studio Solution File, Format Version 12.00
# Visual Studio Version 17
VisualStudioVersion = 17.14.37516.0
MinimumVisualStudioVersion = 10.0.40219.1
Project("{FAE04EC0-301F-11D3-BF4B-00C04F79EFBC}") = "Heranca1", "Heranca1\Heranca1.csproj", "{5F2CB3BC-E55E-4034-8E8A-35C53541733A}"
EndProject
Project("{FAE04EC0-301F-11D3-BF4B-00C04F79EFBC}") = "Heranca2", "Heranca2\Heranca2.csproj", "{C00CCC6A-E33C-4B7B-9768-DB033C2C7DEC}"
EndProject
Project("{FAE04EC0-301F-11D3-BF4B-00C04F79EFBC}") = "Heranca3", "Heranca3\Heranca3.csproj", "{D3C7A794-25FA-4E65-937C-9706B08DCB83}"
EndProject
Project("{FAE04EC0-301F-11D3-BF4B-00C04F79EFBC}") = "Heranca4", "Heranca4\Heranca4.csproj", "{19E16711-CF7C-4E8C-9B04-4B8CC6961665}"
EndProject
Global
	GlobalSection(SolutionConfigurationPlatforms) = preSolution
		Debug|Any CPU = Debug|Any CPU
		Release|Any CPU = Release|Any CPU
	EndGlobalSection
	GlobalSection(ProjectConfigurationPlatforms) = postSolution
		{5F2CB3BC-E55E-4034-8E8A-35C53541733A}.Debug|Any CPU.ActiveCfg = Debug|Any CPU
		{5F2CB3BC-E55E-4034-8E8A-35C53541733A}.Debug|Any CPU.Build.0 = Debug|Any CPU
		{5F2CB3BC-E55E-4034-8E8A-35C53541733A}.Release|Any CPU.ActiveCfg = Release|Any CPU
		{5F2CB3BC-E55E-4034-8E8A-35C53541733A}.Release|Any CPU.Build.0 = Release|Any CPU
		{C00CCC6A-E33C-4B7B-9768-DB033C2C7DEC}.Debug|Any CPU.ActiveCfg = Debug|Any CPU
		{C00CCC6A-E33C-4B7B-9768-DB033C2C7DEC}.Debug|Any CPU.Build.0 = Debug|Any CPU
		{C00CCC6A-E33C-4B7B-9768-DB033C2C7DEC}.Release|Any CPU.ActiveCfg = Release|Any CPU
		{C00CCC6A-E33C-4B7B-9768-DB033C2C7DEC}.Release|Any CPU.Build.0 = Release|Any CPU
		{D3C7A794-25FA-4E65-937C-9706B08DCB83}.Debug|Any CPU.ActiveCfg = Debug|Any CPU
		{D3C7A794-25FA-4E65-937C-9706B08DCB83}.Debug|Any CPU.Build.0 = Debug|Any CPU
		{D3C7A794-25FA-4E65-937C-9706B08DCB83}.Release|Any CPU.ActiveCfg = Release|Any CPU
		{D3C7A794-25FA-4E65-937C-9706B08DCB83}.Release|Any CPU.Build.0 = Release|Any CPU
		{19E16711-CF7C-4E8C-9B04-4B8CC6961665}.Debug|Any CPU.ActiveCfg = Debug|Any CPU
		{19E16711-CF7C-4E8C-9B04-4B8CC6961665}.Debug|Any CPU.Build.0 = Debug|Any CPU
		{19E16711-CF7C-4E8C-9B04-4B8CC6961665}.Release|Any CPU.ActiveCfg = Release|Any CPU
		{19E16711-CF7C-4E8C-9B04-4B8CC6961665}.Release|Any CPU.Build.0 = Release|Any CPU
	EndGlobalSection
	GlobalSection(SolutionProperties) = preSolution
		HideSolutionNode = FALSE
	EndGlobalSection
	GlobalSection(ExtensibilityGlobals) = postSolution
		SolutionGuid = {A8A00F2D-4FB9-4C2A-8654-FEEA820FE9A6}
	EndGlobalSection
EndGlobal
